
Microsoft Visual Studio Solution File, Format Version 12.00
# Visual Studio 15
VisualStudioVersion = 15.0.28307.136
MinimumVisualStudioVersion = 10.0.40219.1
Project("{2150E333-8FDC-42A3-9474-1A3956D46DE8}") = "Encryption", "Encryption", "{EA79D6A7-B289-4121-B909-ABA8650068CC}"
EndProject
Project("{FAE04EC0-301F-11D3-BF4B-00C04F79EFBC}") = "Cesar", "Cesar\Cesar.csproj", "{37C7FA4F-092F-4EF7-A035-0A88B30689B8}"
EndProject
Project("{FAE04EC0-301F-11D3-BF4B-00C04F79EFBC}") = "Vigenere", "Vigenere\Vigenere.csproj", "{645A19E6-33D5-42C8-8FC9-B91C057EA5F1}"
EndProject
Project("{FAE04EC0-301F-11D3-BF4B-00C04F79EFBC}") = "OneTimePad", "OneTimePad\OneTimePad.csproj", "{DB7AFD79-F3B0-4C65-AEE2-5B8CA1EE310A}"
EndProject
Project("{FAE04EC0-301F-11D3-BF4B-00C04F79EFBC}") = "CreateSelfSignedCertificate", "CreateSelfSignedCertificate\CreateSelfSignedCertificate.csproj", "{BAB78230-E576-4E27-A815-22BC78245E05}"
EndProject
Project("{2150E333-8FDC-42A3-9474-1A3956D46DE8}") = "TwoFactorAuthentication", "TwoFactorAuthentication", "{C04652CD-11BB-4E78-A450-837A58CA9203}"
EndProject
Project("{FAE04EC0-301F-11D3-BF4B-00C04F79EFBC}") = "EmailAndSmsOTP", "EmailAndSmsOTP\EmailAndSmsOTP.csproj", "{350F586F-DAB2-497E-BE0C-66FE932DFCCF}"
EndProject
Project("{FAE04EC0-301F-11D3-BF4B-00C04F79EFBC}") = "GoogleAuthTOTP", "GoogleAuthTOTP\GoogleAuthTOTP.csproj", "{E6589BF4-891D-480B-8419-6EB0A37E32BB}"
EndProject
Project("{2150E333-8FDC-42A3-9474-1A3956D46DE8}") = "SSO", "SSO", "{242796F3-3B62-40EF-89FC-5FE7C87B8B10}"
EndProject
Project("{FAE04EC0-301F-11D3-BF4B-00C04F79EFBC}") = "SignInWithGoogle", "SignInWithGoogle\SignInWithGoogle.csproj", "{63ECEB25-B598-44AD-A23A-8B36712B24F1}"
EndProject
Project("{2150E333-8FDC-42A3-9474-1A3956D46DE8}") = "AuthenticationAndAuthorization", "AuthenticationAndAuthorization", "{F7403151-B69A-49E9-A236-57767FD44849}"
EndProject
Project("{FAE04EC0-301F-11D3-BF4B-00C04F79EFBC}") = "RoleBasedAuthorization", "RoleBasedAuthorization\RoleBasedAuthorization.csproj", "{39E4C60C-E946-4382-8B97-7666369D8214}"
EndProject
Project("{FAE04EC0-301F-11D3-BF4B-00C04F79EFBC}") = "LoginOverSQL", "LoginOverSQL\LoginOverSQL.csproj", "{030B6F67-A078-4B8B-B2A1-4196CA334C32}"
EndProject
Project("{FAE04EC0-301F-11D3-BF4B-00C04F79EFBC}") = "SelfMadeSessions", "SelfMadeSessions\SelfMadeSessions.csproj", "{11EAB91E-4EF2-4902-8B93-EC25180965D7}"
EndProject
Global
	GlobalSection(SolutionConfigurationPlatforms) = preSolution
		Debug|Any CPU = Debug|Any CPU
		Release|Any CPU = Release|Any CPU
	EndGlobalSection
	GlobalSection(ProjectConfigurationPlatforms) = postSolution
		{37C7FA4F-092F-4EF7-A035-0A88B30689B8}.Debug|Any CPU.ActiveCfg = Debug|Any CPU
		{37C7FA4F-092F-4EF7-A035-0A88B30689B8}.Debug|Any CPU.Build.0 = Debug|Any CPU
		{37C7FA4F-092F-4EF7-A035-0A88B30689B8}.Release|Any CPU.ActiveCfg = Release|Any CPU
		{37C7FA4F-092F-4EF7-A035-0A88B30689B8}.Release|Any CPU.Build.0 = Release|Any CPU
		{645A19E6-33D5-42C8-8FC9-B91C057EA5F1}.Debug|Any CPU.ActiveCfg = Debug|Any CPU
		{645A19E6-33D5-42C8-8FC9-B91C057EA5F1}.Debug|Any CPU.Build.0 = Debug|Any CPU
		{645A19E6-33D5-42C8-8FC9-B91C057EA5F1}.Release|Any CPU.ActiveCfg = Release|Any CPU
		{645A19E6-33D5-42C8-8FC9-B91C057EA5F1}.Release|Any CPU.Build.0 = Release|Any CPU
		{DB7AFD79-F3B0-4C65-AEE2-5B8CA1EE310A}.Debug|Any CPU.ActiveCfg = Debug|Any CPU
		{DB7AFD79-F3B0-4C65-AEE2-5B8CA1EE310A}.Debug|Any CPU.Build.0 = Debug|Any CPU
		{DB7AFD79-F3B0-4C65-AEE2-5B8CA1EE310A}.Release|Any CPU.ActiveCfg = Release|Any CPU
		{DB7AFD79-F3B0-4C65-AEE2-5B8CA1EE310A}.Release|Any CPU.Build.0 = Release|Any CPU
		{BAB78230-E576-4E27-A815-22BC78245E05}.Debug|Any CPU.ActiveCfg = Debug|Any CPU
		{BAB78230-E576-4E27-A815-22BC78245E05}.Debug|Any CPU.Build.0 = Debug|Any CPU
		{BAB78230-E576-4E27-A815-22BC78245E05}.Release|Any CPU.ActiveCfg = Release|Any CPU
		{BAB78230-E576-4E27-A815-22BC78245E05}.Release|Any CPU.Build.0 = Release|Any CPU
		{350F586F-DAB2-497E-BE0C-66FE932DFCCF}.Debug|Any CPU.ActiveCfg = Debug|Any CPU
		{350F586F-DAB2-497E-BE0C-66FE932DFCCF}.Debug|Any CPU.Build.0 = Debug|Any CPU
		{350F586F-DAB2-497E-BE0C-66FE932DFCCF}.Release|Any CPU.ActiveCfg = Release|Any CPU
		{350F586F-DAB2-497E-BE0C-66FE932DFCCF}.Release|Any CPU.Build.0 = Release|Any CPU
		{E6589BF4-891D-480B-8419-6EB0A37E32BB}.Debug|Any CPU.ActiveCfg = Debug|Any CPU
		{E6589BF4-891D-480B-8419-6EB0A37E32BB}.Debug|Any CPU.Build.0 = Debug|Any CPU
		{E6589BF4-891D-480B-8419-6EB0A37E32BB}.Release|Any CPU.ActiveCfg = Release|Any CPU
		{E6589BF4-891D-480B-8419-6EB0A37E32BB}.Release|Any CPU.Build.0 = Release|Any CPU
		{63ECEB25-B598-44AD-A23A-8B36712B24F1}.Debug|Any CPU.ActiveCfg = Debug|Any CPU
		{63ECEB25-B598-44AD-A23A-8B36712B24F1}.Debug|Any CPU.Build.0 = Debug|Any CPU
		{63ECEB25-B598-44AD-A23A-8B36712B24F1}.Release|Any CPU.ActiveCfg = Release|Any CPU
		{63ECEB25-B598-44AD-A23A-8B36712B24F1}.Release|Any CPU.Build.0 = Release|Any CPU
		{39E4C60C-E946-4382-8B97-7666369D8214}.Debug|Any CPU.ActiveCfg = Debug|Any CPU
		{39E4C60C-E946-4382-8B97-7666369D8214}.Debug|Any CPU.Build.0 = Debug|Any CPU
		{39E4C60C-E946-4382-8B97-7666369D8214}.Release|Any CPU.ActiveCfg = Release|Any CPU
		{39E4C60C-E946-4382-8B97-7666369D8214}.Release|Any CPU.Build.0 = Release|Any CPU
		{030B6F67-A078-4B8B-B2A1-4196CA334C32}.Debug|Any CPU.ActiveCfg = Debug|Any CPU
		{030B6F67-A078-4B8B-B2A1-4196CA334C32}.Debug|Any CPU.Build.0 = Debug|Any CPU
		{030B6F67-A078-4B8B-B2A1-4196CA334C32}.Release|Any CPU.ActiveCfg = Release|Any CPU
		{030B6F67-A078-4B8B-B2A1-4196CA334C32}.Release|Any CPU.Build.0 = Release|Any CPU
		{11EAB91E-4EF2-4902-8B93-EC25180965D7}.Debug|Any CPU.ActiveCfg = Debug|Any CPU
		{11EAB91E-4EF2-4902-8B93-EC25180965D7}.Debug|Any CPU.Build.0 = Debug|Any CPU
		{11EAB91E-4EF2-4902-8B93-EC25180965D7}.Release|Any CPU.ActiveCfg = Release|Any CPU
		{11EAB91E-4EF2-4902-8B93-EC25180965D7}.Release|Any CPU.Build.0 = Release|Any CPU
	EndGlobalSection
	GlobalSection(SolutionProperties) = preSolution
		HideSolutionNode = FALSE
	EndGlobalSection
	GlobalSection(NestedProjects) = preSolution
		{37C7FA4F-092F-4EF7-A035-0A88B30689B8} = {EA79D6A7-B289-4121-B909-ABA8650068CC}
		{645A19E6-33D5-42C8-8FC9-B91C057EA5F1} = {EA79D6A7-B289-4121-B909-ABA8650068CC}
		{DB7AFD79-F3B0-4C65-AEE2-5B8CA1EE310A} = {EA79D6A7-B289-4121-B909-ABA8650068CC}
		{BAB78230-E576-4E27-A815-22BC78245E05} = {EA79D6A7-B289-4121-B909-ABA8650068CC}
		{350F586F-DAB2-497E-BE0C-66FE932DFCCF} = {C04652CD-11BB-4E78-A450-837A58CA9203}
		{E6589BF4-891D-480B-8419-6EB0A37E32BB} = {C04652CD-11BB-4E78-A450-837A58CA9203}
		{63ECEB25-B598-44AD-A23A-8B36712B24F1} = {242796F3-3B62-40EF-89FC-5FE7C87B8B10}
		{39E4C60C-E946-4382-8B97-7666369D8214} = {F7403151-B69A-49E9-A236-57767FD44849}
		{030B6F67-A078-4B8B-B2A1-4196CA334C32} = {F7403151-B69A-49E9-A236-57767FD44849}
		{11EAB91E-4EF2-4902-8B93-EC25180965D7} = {F7403151-B69A-49E9-A236-57767FD44849}
	EndGlobalSection
	GlobalSection(ExtensibilityGlobals) = postSolution
		SolutionGuid = {89F9EF34-42E6-4B82-AF9D-C775996F874F}
	EndGlobalSection
EndGlobal
